
Microsoft Visual Studio Solution File, Format Version 12.00
# Visual Studio Version 17
VisualStudioVersion = 17.14.36212.18 d17.14
MinimumVisualStudioVersion = 10.0.40219.1
Project("{FAE04EC0-301F-11D3-BF4B-00C04F79EFBC}") = "ConsoleApp10", "ConsoleApp10\ConsoleApp10.csproj", "{499D0A4E-5CB0-46E6-B39C-9890B461C3A4}"
EndProject
Global
	GlobalSection(SolutionConfigurationPlatforms) = preSolution
		Debug|Any CPU = Debug|Any CPU
		Release|Any CPU = Release|Any CPU
	EndGlobalSection
	GlobalSection(ProjectConfigurationPlatforms) = postSolution
		{499D0A4E-5CB0-46E6-B39C-9890B461C3A4}.Debug|Any CPU.ActiveCfg = Debug|Any CPU
		{499D0A4E-5CB0-46E6-B39C-9890B461C3A4}.Debug|Any CPU.Build.0 = Debug|Any CPU
		{499D0A4E-5CB0-46E6-B39C-9890B461C3A4}.Release|Any CPU.ActiveCfg = Release|Any CPU
		{499D0A4E-5CB0-46E6-B39C-9890B461C3A4}.Release|Any CPU.Build.0 = Release|Any CPU
	EndGlobalSection
	GlobalSection(SolutionProperties) = preSolution
		HideSolutionNode = FALSE
	EndGlobalSection
	GlobalSection(ExtensibilityGlobals) = postSolution
		SolutionGuid = {F7F6DDA4-3607-439C-B6D0-57E89E2BDA57}
	EndGlobalSection
EndGlobal
